
Microsoft Visual Studio Solution File, Format Version 12.00
# Visual Studio Version 17
VisualStudioVersion = 17.1.32421.90
MinimumVisualStudioVersion = 10.0.40219.1
Project("{9A19103F-16F7-4668-BE54-9A1E7A4F7556}") = "HardwareManifestPlugin", "HardwareManifestPlugin\HardwareManifestPlugin.csproj", "{53C81C44-E5AC-4A0E-B345-C1B7B29F4B6D}"
EndProject
Project("{FAE04EC0-301F-11D3-BF4B-00C04F79EFBC}") = "HardwareManifestPluginManager", "HardwareManifestPluginManager\HardwareManifestPluginManager.csproj", "{502E153C-EE54-4472-8241-41F43687FA96}"
EndProject
Global
	GlobalSection(SolutionConfigurationPlatforms) = preSolution
		Debug|Any CPU = Debug|Any CPU
		Release|Any CPU = Release|Any CPU
	EndGlobalSection
	GlobalSection(ProjectConfigurationPlatforms) = postSolution
		{53C81C44-E5AC-4A0E-B345-C1B7B29F4B6D}.Debug|Any CPU.ActiveCfg = Debug|Any CPU
		{53C81C44-E5AC-4A0E-B345-C1B7B29F4B6D}.Debug|Any CPU.Build.0 = Debug|Any CPU
		{53C81C44-E5AC-4A0E-B345-C1B7B29F4B6D}.Release|Any CPU.ActiveCfg = Release|Any CPU
		{53C81C44-E5AC-4A0E-B345-C1B7B29F4B6D}.Release|Any CPU.Build.0 = Release|Any CPU
		{502E153C-EE54-4472-8241-41F43687FA96}.Debug|Any CPU.ActiveCfg = Debug|Any CPU
		{502E153C-EE54-4472-8241-41F43687FA96}.Debug|Any CPU.Build.0 = Debug|Any CPU
		{502E153C-EE54-4472-8241-41F43687FA96}.Release|Any CPU.ActiveCfg = Release|Any CPU
		{502E153C-EE54-4472-8241-41F43687FA96}.Release|Any CPU.Build.0 = Release|Any CPU
	EndGlobalSection
	GlobalSection(SolutionProperties) = preSolution
		HideSolutionNode = FALSE
	EndGlobalSection
	GlobalSection(ExtensibilityGlobals) = postSolution
		SolutionGuid = {4E7CB689-F0A5-406B-9CCE-484AA99D07AB}
	EndGlobalSection
EndGlobal
