
Microsoft Visual Studio Solution File, Format Version 12.00
# Visual Studio Version 17
VisualStudioVersion = 17.1.32421.90
MinimumVisualStudioVersion = 10.0.40219.1
Project("{9A19103F-16F7-4668-BE54-9A1E7A4F7556}") = "paccor_scripts", "paccor_scripts\paccor_scripts.csproj", "{295D1CD3-9DA7-429F-B986-81656BCA6969}"
EndProject
Project("{9A19103F-16F7-4668-BE54-9A1E7A4F7556}") = "HardwareManifestPlugin", "..\HardwareManifestPlugin\HardwareManifestPlugin\HardwareManifestPlugin.csproj", "{E984C721-499B-44AA-A635-080DB8774591}"
EndProject
Global
	GlobalSection(SolutionConfigurationPlatforms) = preSolution
		Debug|Any CPU = Debug|Any CPU
		Release|Any CPU = Release|Any CPU
	EndGlobalSection
	GlobalSection(ProjectConfigurationPlatforms) = postSolution
		{295D1CD3-9DA7-429F-B986-81656BCA6969}.Debug|Any CPU.ActiveCfg = Debug|Any CPU
		{295D1CD3-9DA7-429F-B986-81656BCA6969}.Debug|Any CPU.Build.0 = Debug|Any CPU
		{295D1CD3-9DA7-429F-B986-81656BCA6969}.Release|Any CPU.ActiveCfg = Release|Any CPU
		{295D1CD3-9DA7-429F-B986-81656BCA6969}.Release|Any CPU.Build.0 = Release|Any CPU
		{E984C721-499B-44AA-A635-080DB8774591}.Debug|Any CPU.ActiveCfg = Debug|Any CPU
		{E984C721-499B-44AA-A635-080DB8774591}.Debug|Any CPU.Build.0 = Debug|Any CPU
		{E984C721-499B-44AA-A635-080DB8774591}.Release|Any CPU.ActiveCfg = Release|Any CPU
		{E984C721-499B-44AA-A635-080DB8774591}.Release|Any CPU.Build.0 = Release|Any CPU
	EndGlobalSection
	GlobalSection(SolutionProperties) = preSolution
		HideSolutionNode = FALSE
	EndGlobalSection
	GlobalSection(ExtensibilityGlobals) = postSolution
		SolutionGuid = {B6DE17F9-13B5-40CA-B277-976ADFADD3C1}
	EndGlobalSection
EndGlobal
